// !$*UTF8*$!
{
	archiveVersion = 1;
	classes = {
	};
	objectVersion = 50;
	objects = {

/* Begin PBXBuildFile section */
		4378A82C25EFB6C900444FA8 /* AppDelegate.swift in Sources */ = {isa = PBXBuildFile; fileRef = 4378A82B25EFB6C900444FA8 /* AppDelegate.swift */; };
		4378A82E25EFB6C900444FA8 /* SceneDelegate.swift in Sources */ = {isa = PBXBuildFile; fileRef = 4378A82D25EFB6C900444FA8 /* SceneDelegate.swift */; };
		4378A83025EFB6C900444FA8 /* ViewController.swift in Sources */ = {isa = PBXBuildFile; fileRef = 4378A82F25EFB6C900444FA8 /* ViewController.swift */; };
		4378A83325EFB6C900444FA8 /* Main.storyboard in Resources */ = {isa = PBXBuildFile; fileRef = 4378A83125EFB6C900444FA8 /* Main.storyboard */; };
		4378A83525EFB6CA00444FA8 /* Assets.xcassets in Resources */ = {isa = PBXBuildFile; fileRef = 4378A83425EFB6CA00444FA8 /* Assets.xcassets */; };
		4378A83825EFB6CA00444FA8 /* LaunchScreen.storyboard in Resources */ = {isa = PBXBuildFile; fileRef = 4378A83625EFB6CA00444FA8 /* LaunchScreen.storyboard */; };
		43B6B1E025F1153600144FD6 /* ContactsCell.swift in Sources */ = {isa = PBXBuildFile; fileRef = 43B6B1DF25F1153600144FD6 /* ContactsCell.swift */; };
		43B6B1E325F1166400144FD6 /* ContactDetailsVC.swift in Sources */ = {isa = PBXBuildFile; fileRef = 43B6B1E225F1166400144FD6 /* ContactDetailsVC.swift */; };
		43B6B1E625F1171800144FD6 /* ContactDetailsCell.swift in Sources */ = {isa = PBXBuildFile; fileRef = 43B6B1E525F1171800144FD6 /* ContactDetailsCell.swift */; };
		43C0397E25EFF67800DCBB23 /* ContactsManager.swift in Sources */ = {isa = PBXBuildFile; fileRef = 43C0397D25EFF67800DCBB23 /* ContactsManager.swift */; };
		43C0398125EFF6C400DCBB23 /* Contact.swift in Sources */ = {isa = PBXBuildFile; fileRef = 43C0398025EFF6C400DCBB23 /* Contact.swift */; };
/* End PBXBuildFile section */

/* Begin PBXFileReference section */
		4378A82825EFB6C900444FA8 /* ContactsApp.app */ = {isa = PBXFileReference; explicitFileType = wrapper.application; includeInIndex = 0; path = ContactsApp.app; sourceTree = BUILT_PRODUCTS_DIR; };
		4378A82B25EFB6C900444FA8 /* AppDelegate.swift */ = {isa = PBXFileReference; lastKnownFileType = sourcecode.swift; path = AppDelegate.swift; sourceTree = "<group>"; };
		4378A82D25EFB6C900444FA8 /* SceneDelegate.swift */ = {isa = PBXFileReference; lastKnownFileType = sourcecode.swift; path = SceneDelegate.swift; sourceTree = "<group>"; };
		4378A82F25EFB6C900444FA8 /* ViewController.swift */ = {isa = PBXFileReference; lastKnownFileType = sourcecode.swift; path = ViewController.swift; sourceTree = "<group>"; };
		4378A83225EFB6C900444FA8 /* Base */ = {isa = PBXFileReference; lastKnownFileType = file.storyboard; name = Base; path = Base.lproj/Main.storyboard; sourceTree = "<group>"; };
		4378A83425EFB6CA00444FA8 /* Assets.xcassets */ = {isa = PBXFileReference; lastKnownFileType = folder.assetcatalog; path = Assets.xcassets; sourceTree = "<group>"; };
		4378A83725EFB6CA00444FA8 /* Base */ = {isa = PBXFileReference; lastKnownFileType = file.storyboard; name = Base; path = Base.lproj/LaunchScreen.storyboard; sourceTree = "<group>"; };
		4378A83925EFB6CA00444FA8 /* Info.plist */ = {isa = PBXFileReference; lastKnownFileType = text.plist.xml; path = Info.plist; sourceTree = "<group>"; };
		43B6B1DF25F1153600144FD6 /* ContactsCell.swift */ = {isa = PBXFileReference; lastKnownFileType = sourcecode.swift; path = ContactsCell.swift; sourceTree = "<group>"; };
		43B6B1E225F1166400144FD6 /* ContactDetailsVC.swift */ = {isa = PBXFileReference; lastKnownFileType = sourcecode.swift; path = ContactDetailsVC.swift; sourceTree = "<group>"; };
		43B6B1E525F1171800144FD6 /* ContactDetailsCell.swift */ = {isa = PBXFileReference; lastKnownFileType = sourcecode.swift; path = ContactDetailsCell.swift; sourceTree = "<group>"; };
		43C0397D25EFF67800DCBB23 /* ContactsManager.swift */ = {isa = PBXFileReference; lastKnownFileType = sourcecode.swift; path = ContactsManager.swift; sourceTree = "<group>"; };
		43C0398025EFF6C400DCBB23 /* Contact.swift */ = {isa = PBXFileReference; lastKnownFileType = sourcecode.swift; path = Contact.swift; sourceTree = "<group>"; };
/* End PBXFileReference section */

/* Begin PBXFrameworksBuildPhase section */
		4378A82525EFB6C900444FA8 /* Frameworks */ = {
			isa = PBXFrameworksBuildPhase;
			buildActionMask = 2147483647;
			files = (
			);
			runOnlyForDeploymentPostprocessing = 0;
		};
/* End PBXFrameworksBuildPhase section */

/* Begin PBXGroup section */
		4378A81F25EFB6C900444FA8 = {
			isa = PBXGroup;
			children = (
				4378A82A25EFB6C900444FA8 /* ContactsApp */,
				4378A82925EFB6C900444FA8 /* Products */,
			);
			sourceTree = "<group>";
		};
		4378A82925EFB6C900444FA8 /* Products */ = {
			isa = PBXGroup;
			children = (
				4378A82825EFB6C900444FA8 /* ContactsApp.app */,
			);
			name = Products;
			sourceTree = "<group>";
		};
		4378A82A25EFB6C900444FA8 /* ContactsApp */ = {
			isa = PBXGroup;
			children = (
				4378A82B25EFB6C900444FA8 /* AppDelegate.swift */,
				4378A82D25EFB6C900444FA8 /* SceneDelegate.swift */,
				4378A82F25EFB6C900444FA8 /* ViewController.swift */,
				43B6B1E225F1166400144FD6 /* ContactDetailsVC.swift */,
				43B6B1E525F1171800144FD6 /* ContactDetailsCell.swift */,
				43B6B1DF25F1153600144FD6 /* ContactsCell.swift */,
				43C0397D25EFF67800DCBB23 /* ContactsManager.swift */,
				43C0398025EFF6C400DCBB23 /* Contact.swift */,
				4378A83125EFB6C900444FA8 /* Main.storyboard */,
				4378A83425EFB6CA00444FA8 /* Assets.xcassets */,
				4378A83625EFB6CA00444FA8 /* LaunchScreen.storyboard */,
				4378A83925EFB6CA00444FA8 /* Info.plist */,
			);
			path = ContactsApp;
			sourceTree = "<group>";
		};
/* End PBXGroup section */

/* Begin PBXNativeTarget section */
		4378A82725EFB6C900444FA8 /* ContactsApp */ = {
			isa = PBXNativeTarget;
			buildConfigurationList = 4378A83C25EFB6CA00444FA8 /* Build configuration list for PBXNativeTarget "ContactsApp" */;
			buildPhases = (
				4378A82425EFB6C900444FA8 /* Sources */,
				4378A82525EFB6C900444FA8 /* Frameworks */,
				4378A82625EFB6C900444FA8 /* Resources */,
			);
			buildRules = (
			);
			dependencies = (
			);
			name = ContactsApp;
			productName = ContactsApp;
			productReference = 4378A82825EFB6C900444FA8 /* ContactsApp.app */;
			productType = "com.apple.product-type.application";
		};
/* End PBXNativeTarget section */

/* Begin PBXProject section */
		4378A82025EFB6C900444FA8 /* Project object */ = {
			isa = PBXProject;
			attributes = {
				LastSwiftUpdateCheck = 1240;
				LastUpgradeCheck = 1240;
				TargetAttributes = {
					4378A82725EFB6C900444FA8 = {
						CreatedOnToolsVersion = 12.4;
					};
				};
			};
			buildConfigurationList = 4378A82325EFB6C900444FA8 /* Build configuration list for PBXProject "ContactsApp" */;
			compatibilityVersion = "Xcode 9.3";
			developmentRegion = en;
			hasScannedForEncodings = 0;
			knownRegions = (
				en,
				Base,
			);
			mainGroup = 4378A81F25EFB6C900444FA8;
			productRefGroup = 4378A82925EFB6C900444FA8 /* Products */;
			projectDirPath = "";
			projectRoot = "";
			targets = (
				4378A82725EFB6C900444FA8 /* ContactsApp */,
			);
		};
/* End PBXProject section */

/* Begin PBXResourcesBuildPhase section */
		4378A82625EFB6C900444FA8 /* Resources */ = {
			isa = PBXResourcesBuildPhase;
			buildActionMask = 2147483647;
			files = (
				4378A83825EFB6CA00444FA8 /* LaunchScreen.storyboard in Resources */,
				4378A83525EFB6CA00444FA8 /* Assets.xcassets in Resources */,
				4378A83325EFB6C900444FA8 /* Main.storyboard in Resources */,
			);
			runOnlyForDeploymentPostprocessing = 0;
		};
/* End PBXResourcesBuildPhase section */

/* Begin PBXSourcesBuildPhase section */
		4378A82425EFB6C900444FA8 /* Sources */ = {
			isa = PBXSourcesBuildPhase;
			buildActionMask = 2147483647;
			files = (
				4378A83025EFB6C900444FA8 /* ViewController.swift in Sources */,
				4378A82C25EFB6C900444FA8 /* AppDelegate.swift in Sources */,
				43B6B1E025F1153600144FD6 /* ContactsCell.swift in Sources */,
				43B6B1E325F1166400144FD6 /* ContactDetailsVC.swift in Sources */,
				43C0398125EFF6C400DCBB23 /* Contact.swift in Sources */,
				43B6B1E625F1171800144FD6 /* ContactDetailsCell.swift in Sources */,
				43C0397E25EFF67800DCBB23 /* ContactsManager.swift in Sources */,
				4378A82E25EFB6C900444FA8 /* SceneDelegate.swift in Sources */,
			);
			runOnlyForDeploymentPostprocessing = 0;
		};
/* End PBXSourcesBuildPhase section */

/* Begin PBXVariantGroup section */
		4378A83125EFB6C900444FA8 /* Main.storyboard */ = {
			isa = PBXVariantGroup;
			children = (
				4378A83225EFB6C900444FA8 /* Base */,
			);
			name = Main.storyboard;
			sourceTree = "<group>";
		};
		4378A83625EFB6CA00444FA8 /* LaunchScreen.storyboard */ = {
			isa = PBXVariantGroup;
			children = (
				4378A83725EFB6CA00444FA8 /* Base */,
			);
			name = LaunchScreen.storyboard;
			sourceTree = "<group>";
		};
/* End PBXVariantGroup section */

/* Begin XCBuildConfiguration section */
		4378A83A25EFB6CA00444FA8 /* Debug */ = {
			isa = XCBuildConfiguration;
			buildSettings = {
				ALWAYS_SEARCH_USER_PATHS = NO;
				CLANG_ANALYZER_NONNULL = YES;
				CLANG_ANALYZER_NUMBER_OBJECT_CONVERSION = YES_AGGRESSIVE;
				CLANG_CXX_LANGUAGE_STANDARD = "gnu++14";
				CLANG_CXX_LIBRARY = "libc++";
				CLANG_ENABLE_MODULES = YES;
				CLANG_ENABLE_OBJC_ARC = YES;
				CLANG_ENABLE_OBJC_WEAK = YES;
				CLANG_WARN_BLOCK_CAPTURE_AUTORELEASING = YES;
				CLANG_WARN_BOOL_CONVERSION = YES;
				CLANG_WARN_COMMA = YES;
				CLANG_WARN_CONSTANT_CONVERSION = YES;
				CLANG_WARN_DEPRECATED_OBJC_IMPLEMENTATIONS = YES;
				CLANG_WARN_DIRECT_OBJC_ISA_USAGE = YES_ERROR;
				CLANG_WARN_DOCUMENTATION_COMMENTS = YES;
				CLANG_WARN_EMPTY_BODY = YES;
				CLANG_WARN_ENUM_CONVERSION = YES;
				CLANG_WARN_INFINITE_RECURSION = YES;
				CLANG_WARN_INT_CONVERSION = YES;
				CLANG_WARN_NON_LITERAL_NULL_CONVERSION = YES;
				CLANG_WARN_OBJC_IMPLICIT_RETAIN_SELF = YES;
				CLANG_WARN_OBJC_LITERAL_CONVERSION = YES;
				CLANG_WARN_OBJC_ROOT_CLASS = YES_ERROR;
				CLANG_WARN_QUOTED_INCLUDE_IN_FRAMEWORK_HEADER = YES;
				CLANG_WARN_RANGE_LOOP_ANALYSIS = YES;
				CLANG_WARN_STRICT_PROTOTYPES = YES;
				CLANG_WARN_SUSPICIOUS_MOVE = YES;
				CLANG_WARN_UNGUARDED_AVAILABILITY = YES_AGGRESSIVE;
				CLANG_WARN_UNREACHABLE_CODE = YES;
				CLANG_WARN__DUPLICATE_METHOD_MATCH = YES;
				COPY_PHASE_STRIP = NO;
				DEBUG_INFORMATION_FORMAT = dwarf;
				ENABLE_STRICT_OBJC_MSGSEND = YES;
				ENABLE_TESTABILITY = YES;
				GCC_C_LANGUAGE_STANDARD = gnu11;
				GCC_DYNAMIC_NO_PIC = NO;
				GCC_NO_COMMON_BLOCKS = YES;
				GCC_OPTIMIZATION_LEVEL = 0;
				GCC_PREPROCESSOR_DEFINITIONS = (
					"DEBUG=1",
					"$(inherited)",
				);
				GCC_WARN_64_TO_32_BIT_CONVERSION = YES;
				GCC_WARN_ABOUT_RETURN_TYPE = YES_ERROR;
				GCC_WARN_UNDECLARED_SELECTOR = YES;
				GCC_WARN_UNINITIALIZED_AUTOS = YES_AGGRESSIVE;
				GCC_WARN_UNUSED_FUNCTION = YES;
				GCC_WARN_UNUSED_VARIABLE = YES;
				IPHONEOS_DEPLOYMENT_TARGET = 14.4;
				MTL_ENABLE_DEBUG_INFO = INCLUDE_SOURCE;
				MTL_FAST_MATH = YES;
				ONLY_ACTIVE_ARCH = YES;
				SDKROOT = iphoneos;
				SWIFT_ACTIVE_COMPILATION_CONDITIONS = DEBUG;
				SWIFT_OPTIMIZATION_LEVEL = "-Onone";
			};
			name = Debug;
		};
		4378A83B25EFB6CA00444FA8 /* Release */ = {
			isa = XCBuildConfiguration;
			buildSettings = {
				ALWAYS_SEARCH_USER_PATHS = NO;
				CLANG_ANALYZER_NONNULL = YES;
				CLANG_ANALYZER_NUMBER_OBJECT_CONVERSION = YES_AGGRESSIVE;
				CLANG_CXX_LANGUAGE_STANDARD = "gnu++14";
				CLANG_CXX_LIBRARY = "libc++";
				CLANG_ENABLE_MODULES = YES;
				CLANG_ENABLE_OBJC_ARC = YES;
				CLANG_ENABLE_OBJC_WEAK = YES;
				CLANG_WARN_BLOCK_CAPTURE_AUTORELEASING = YES;
				CLANG_WARN_BOOL_CONVERSION = YES;
				CLANG_WARN_COMMA = YES;
				CLANG_WARN_CONSTANT_CONVERSION = YES;
				CLANG_WARN_DEPRECATED_OBJC_IMPLEMENTATIONS = YES;
				CLANG_WARN_DIRECT_OBJC_ISA_USAGE = YES_ERROR;
				CLANG_WARN_DOCUMENTATION_COMMENTS = YES;
				CLANG_WARN_EMPTY_BODY = YES;
				CLANG_WARN_ENUM_CONVERSION = YES;
				CLANG_WARN_INFINITE_RECURSION = YES;
				CLANG_WARN_INT_CONVERSION = YES;
				CLANG_WARN_NON_LITERAL_NULL_CONVERSION = YES;
				CLANG_WARN_OBJC_IMPLICIT_RETAIN_SELF = YES;
				CLANG_WARN_OBJC_LITERAL_CONVERSION = YES;
				CLANG_WARN_OBJC_ROOT_CLASS = YES_ERROR;
				CLANG_WARN_QUOTED_INCLUDE_IN_FRAMEWORK_HEADER = YES;
				CLANG_WARN_RANGE_LOOP_ANALYSIS = YES;
				CLANG_WARN_STRICT_PROTOTYPES = YES;
				CLANG_WARN_SUSPICIOUS_MOVE = YES;
				CLANG_WARN_UNGUARDED_AVAILABILITY = YES_AGGRESSIVE;
				CLANG_WARN_UNREACHABLE_CODE = YES;
				CLANG_WARN__DUPLICATE_METHOD_MATCH = YES;
				COPY_PHASE_STRIP = NO;
				DEBUG_INFORMATION_FORMAT = "dwarf-with-dsym";
				ENABLE_NS_ASSERTIONS = NO;
				ENABLE_STRICT_OBJC_MSGSEND = YES;
				GCC_C_LANGUAGE_STANDARD = gnu11;
				GCC_NO_COMMON_BLOCKS = YES;
				GCC_WARN_64_TO_32_BIT_CONVERSION = YES;
				GCC_WARN_ABOUT_RETURN_TYPE = YES_ERROR;
				GCC_WARN_UNDECLARED_SELECTOR = YES;
				GCC_WARN_UNINITIALIZED_AUTOS = YES_AGGRESSIVE;
				GCC_WARN_UNUSED_FUNCTION = YES;
				GCC_WARN_UNUSED_VARIABLE = YES;
				IPHONEOS_DEPLOYMENT_TARGET = 14.4;
				MTL_ENABLE_DEBUG_INFO = NO;
				MTL_FAST_MATH = YES;
				SDKROOT = iphoneos;
				SWIFT_COMPILATION_MODE = wholemodule;
				SWIFT_OPTIMIZATION_LEVEL = "-O";
				VALIDATE_PRODUCT = YES;
			};
			name = Release;
		};
		4378A83D25EFB6CA00444FA8 /* Debug */ = {
			isa = XCBuildConfiguration;
			buildSettings = {
				ASSETCATALOG_COMPILER_APPICON_NAME = AppIcon;
				ASSETCATALOG_COMPILER_GLOBAL_ACCENT_COLOR_NAME = AccentColor;
				CODE_SIGN_STYLE = Automatic;
				INFOPLIST_FILE = ContactsApp/Info.plist;
				LD_RUNPATH_SEARCH_PATHS = (
					"$(inherited)",
					"@executable_path/Frameworks",
				);
				PRODUCT_BUNDLE_IDENTIFIER = com.apple.ContactsApp;
				PRODUCT_NAME = "$(TARGET_NAME)";
				SWIFT_VERSION = 5.0;
				TARGETED_DEVICE_FAMILY = "1,2";
			};
			name = Debug;
		};
		4378A83E25EFB6CA00444FA8 /* Release */ = {
			isa = XCBuildConfiguration;
			buildSettings = {
				ASSETCATALOG_COMPILER_APPICON_NAME = AppIcon;
				ASSETCATALOG_COMPILER_GLOBAL_ACCENT_COLOR_NAME = AccentColor;
				CODE_SIGN_STYLE = Automatic;
				INFOPLIST_FILE = ContactsApp/Info.plist;
				LD_RUNPATH_SEARCH_PATHS = (
					"$(inherited)",
					"@executable_path/Frameworks",
				);
				PRODUCT_BUNDLE_IDENTIFIER = com.apple.ContactsApp;
				PRODUCT_NAME = "$(TARGET_NAME)";
				SWIFT_VERSION = 5.0;
				TARGETED_DEVICE_FAMILY = "1,2";
			};
			name = Release;
		};
/* End XCBuildConfiguration section */

/* Begin XCConfigurationList section */
		4378A82325EFB6C900444FA8 /* Build configuration list for PBXProject "ContactsApp" */ = {
			isa = XCConfigurationList;
			buildConfigurations = (
				4378A83A25EFB6CA00444FA8 /* Debug */,
				4378A83B25EFB6CA00444FA8 /* Release */,
			);
			defaultConfigurationIsVisible = 0;
			defaultConfigurationName = Release;
		};
		4378A83C25EFB6CA00444FA8 /* Build configuration list for PBXNativeTarget "ContactsApp" */ = {
			isa = XCConfigurationList;
			buildConfigurations = (
				4378A83D25EFB6CA00444FA8 /* Debug */,
				4378A83E25EFB6CA00444FA8 /* Release */,
			);
			defaultConfigurationIsVisible = 0;
			defaultConfigurationName = Release;
		};
/* End XCConfigurationList section */
	};
	rootObject = 4378A82025EFB6C900444FA8 /* Project object */;
}
